uuid: d6f81e49-2435-4f3d-ad56-4171c33a627b
langcode: en
status: true
dependencies:
  module:
    - social_event
    - system
  theme:
    - itchefer
_core:
  default_config_hash: pOz-j9GCewa6cTdNbFqnt20dPt-rruPLZUcGw22Xc24
id: itchefer_event_add_block
theme: itchefer
region: complementary_top
weight: -31
provider: null
plugin: event_add_block
settings:
  id: event_add_block
  label: 'Event add block'
  provider: social_event
  label_display: '0'
visibility:
  request_path:
    id: request_path
    pages: '/user/*/events'
    negate: false
    context_mapping: {  }
