uuid: 4c16fc97-e253-4b4d-aab0-fb9402071da1
langcode: en
status: false
dependencies:
  module:
    - social_group_invite
    - system
  theme:
    - itchefer
_core:
  default_config_hash: gfd9e_J6-ndbvgcg7dMovWH48LaEcnJqO8m7W-AiU_w
id: itchefer_socialinviteactionsblock
theme: itchefer
region: hidden
weight: -27
provider: null
plugin: social_invite_actions_block
settings:
  id: social_invite_actions_block
  label: 'Social Invite Actions block'
  provider: social_group_invite
  label_display: '0'
visibility:
  request_path:
    id: request_path
    pages: '/group/*/membership'
    negate: false
    context_mapping: {  }
