uuid: 4bbef26f-d03e-4cba-9885-61cb5abfb89f
langcode: en
status: true
dependencies:
  module:
    - social_group_invite
    - system
  theme:
    - itchefer
_core:
  default_config_hash: gfd9e_J6-ndbvgcg7dMovWH48LaEcnJqO8m7W-AiU_w
id: itchefer_socialinviteactionsblock
theme: itchefer
region: hidden
weight: 0
provider: null
plugin: social_invite_actions_block
settings:
  id: social_invite_actions_block
  label: 'Social Invite Actions block'
  label_display: '0'
  provider: social_group_invite
visibility:
  request_path:
    id: request_path
    negate: false
    context_mapping: {  }
    pages: '/group/*/membership'
