uuid: 4b572ae2-d003-4722-a7b2-7f69e1b1609e
langcode: en
status: true
dependencies: {  }
_core:
  default_config_hash: QS5ySiw68Hp2Nwog9pxCYrK6dHL-ODkCXytg-WNr_mI
id: hero_call_to_action_block
label: 'Hero call to action block'
revision: 0
description: 'Hero block with a call to action (for example on the AN homepage)'
