uuid: 59998b4e-89c4-4303-be4a-d1f5740c236a
langcode: en
status: false
dependencies:
  module:
    - node
    - social_core
    - system
  theme:
    - itchefer
_core:
  default_config_hash: tQ-MDDsFp4RzTuHm5OMu2SjbOtVGMK1rzYhxhYnrsBw
id: itchefer_pagetitleblock
theme: itchefer
region: hero
weight: -28
provider: null
plugin: social_page_title_block
settings:
  id: social_page_title_block
  label: 'Page title for nodes'
  provider: social_core
  label_display: '0'
visibility:
  node_type:
    id: node_type
    bundles:
      event: event
      page: page
      topic: topic
    negate: false
    context_mapping:
      node: '@node.node_route_context:node'
  request_path:
    id: request_path
    pages: "/node/add/*\r\n/node/*/edit\r\n/node/*/delete\r\n/node/*/translations/add/*"
    negate: true
    context_mapping: {  }
