uuid: 1bf93eb6-c69e-44f6-b527-26fffaf5c46e
langcode: en
status: true
dependencies:
  module:
    - social_topic
    - system
  theme:
    - itchefer
_core:
  default_config_hash: eiC2CIa5Q7scScFEdXiTwbct8QT61s-7T-Uk8j0HYo4
id: itchefer_topic_add_block
theme: itchefer
region: complementary_top
weight: -30
provider: null
plugin: topic_add_block
settings:
  id: topic_add_block
  label: 'Topic add block'
  label_display: '0'
  provider: social_topic
visibility:
  request_path:
    id: request_path
    negate: false
    context_mapping: {  }
    pages: '/user/*/topics'
