uuid: df0c18ea-3334-467f-b490-f2a828b66ba7
langcode: en
status: true
dependencies:
  module:
    - social_group
    - system
  theme:
    - itchefer
_core:
  default_config_hash: f6Ksf9342jZNofFmN2HRAElWXSHUQ_80JIBipOam4rM
id: itchefer_groupheroblock
theme: itchefer
region: content
weight: -33
provider: null
plugin: group_hero_block
settings:
  id: group_hero_block
  label: 'Group hero block'
  label_display: '0'
  provider: social_group
visibility:
  request_path:
    id: request_path
    negate: false
    context_mapping: {  }
    pages: "/group/*/stream\r\n/group/*/about\r\n/group/*/events\r\n/group/*/topics\r\n/group/*/members\r\n/group/*/membership\r\n/group/*/content/*"
