uuid: 5d7c5604-d6fb-4428-a53b-b9ae01fa7d21
langcode: en
status: false
dependencies:
  module:
    - social_event
    - system
  theme:
    - itchefer
_core:
  default_config_hash: pOz-j9GCewa6cTdNbFqnt20dPt-rruPLZUcGw22Xc24
id: itchefer_event_add_block
theme: itchefer
region: complementary_top
weight: -22
provider: null
plugin: event_add_block
settings:
  id: event_add_block
  label: 'Event add block'
  provider: social_event
  label_display: '0'
visibility:
  request_path:
    id: request_path
    pages: '/user/*/events'
    negate: false
    context_mapping: {  }
