uuid: 11cb8d64-3d66-4e3c-8439-2c5a6e0e397c
langcode: en
status: true
dependencies:
  module:
    - social_post
    - system
  theme:
    - itchefer
_core:
  default_config_hash: THj7ZZhBJZBZcOYZCN5a2t0IzBvF1cQgKEnXrkyn23I
id: itchefer_postblock
theme: itchefer
region: hidden
weight: -7
provider: null
plugin: post_block
settings:
  id: post_block
  label: 'Post block'
  provider: social_post
  label_display: '0'
visibility:
  request_path:
    id: request_path
    pages: /stream
    negate: false
    context_mapping: {  }
